
Microsoft Visual Studio Solution File, Format Version 12.00
# Visual Studio Version 16
VisualStudioVersion = 16.0.31702.278
MinimumVisualStudioVersion = 10.0.40219.1
Project("{FAE04EC0-301F-11D3-BF4B-00C04F79EFBC}") = "PhoneBook", "PhoneBook.csproj", "{9C248BCA-C4D8-45F2-A88A-7AE778EE6929}"
EndProject
Global
	GlobalSection(SolutionConfigurationPlatforms) = preSolution
		Debug|Any CPU = Debug|Any CPU
		Release|Any CPU = Release|Any CPU
	EndGlobalSection
	GlobalSection(ProjectConfigurationPlatforms) = postSolution
		{9C248BCA-C4D8-45F2-A88A-7AE778EE6929}.Debug|Any CPU.ActiveCfg = Debug|Any CPU
		{9C248BCA-C4D8-45F2-A88A-7AE778EE6929}.Debug|Any CPU.Build.0 = Debug|Any CPU
		{9C248BCA-C4D8-45F2-A88A-7AE778EE6929}.Release|Any CPU.ActiveCfg = Release|Any CPU
		{9C248BCA-C4D8-45F2-A88A-7AE778EE6929}.Release|Any CPU.Build.0 = Release|Any CPU
	EndGlobalSection
	GlobalSection(SolutionProperties) = preSolution
		HideSolutionNode = FALSE
	EndGlobalSection
	GlobalSection(ExtensibilityGlobals) = postSolution
		SolutionGuid = {DE8289A3-68FD-44E7-964F-0D481F13E7CD}
	EndGlobalSection
EndGlobal
